// !$*UTF8*$!
{
	archiveVersion = 1;
	classes = {
	};
	objectVersion = 42;
	objects = {

/* Begin PBXBuildFile section */
		1B0AAC8C0C62505500211E78 /* CommandLineDriver.h in CopyFiles */ = {isa = PBXBuildFile; fileRef = 1B0AAC8A0C62505500211E78 /* CommandLineDriver.h */; };
		1B0AAC8D0C62505500211E78 /* CommandLineDriver.m in Sources */ = {isa = PBXBuildFile; fileRef = 1B0AAC8B0C62505500211E78 /* CommandLineDriver.m */; };
		1B0AAD4D0C626C2B00211E78 /* Action.h in CopyFiles */ = {isa = PBXBuildFile; fileRef = 1B0AAD4B0C626C2B00211E78 /* Action.h */; };
		1B0AAD4E0C626C2B00211E78 /* Action.m in Sources */ = {isa = PBXBuildFile; fileRef = 1B0AAD4C0C626C2B00211E78 /* Action.m */; };
		1B0AAD690C626F8700211E78 /* ActionLoad.h in CopyFiles */ = {isa = PBXBuildFile; fileRef = 1B0AAD670C626F8700211E78 /* ActionLoad.h */; };
		1B0AAD6A0C626F8700211E78 /* ActionLoad.m in Sources */ = {isa = PBXBuildFile; fileRef = 1B0AAD680C626F8700211E78 /* ActionLoad.m */; };
		1B0AB0000C628D0000211E78 /* ActionStore.h in CopyFiles */ = {isa = PBXBuildFile; fileRef = 1B0AAFFE0C628D0000211E78 /* ActionStore.h */; };
		1B0AB0010C628D0000211E78 /* ActionStore.m in Sources */ = {isa = PBXBuildFile; fileRef = 1B0AAFFF0C628D0000211E78 /* ActionStore.m */; };
		1B0AB0710C6290B100211E78 /* ActionFilter.h in CopyFiles */ = {isa = PBXBuildFile; fileRef = 1B0AB06F0C6290B100211E78 /* ActionFilter.h */; };
		1B0AB0720C6290B100211E78 /* ActionFilter.m in Sources */ = {isa = PBXBuildFile; fileRef = 1B0AB0700C6290B100211E78 /* ActionFilter.m */; };
		1B0AB0C00C62994400211E78 /* FilterParameterParser.h in CopyFiles */ = {isa = PBXBuildFile; fileRef = 1B0AB0BE0C62994400211E78 /* FilterParameterParser.h */; };
		1B0AB0C10C62994400211E78 /* FilterParameterParser.m in Sources */ = {isa = PBXBuildFile; fileRef = 1B0AB0BF0C62994400211E78 /* FilterParameterParser.m */; };
		1B0AB0C40C62995200211E78 /* FilterParameterParserGeneric.h in CopyFiles */ = {isa = PBXBuildFile; fileRef = 1B0AB0C20C62995200211E78 /* FilterParameterParserGeneric.h */; };
		1B0AB0C50C62995200211E78 /* FilterParameterParserGeneric.m in Sources */ = {isa = PBXBuildFile; fileRef = 1B0AB0C30C62995200211E78 /* FilterParameterParserGeneric.m */; };
		1B18D9660C652E8400BA68CA /* ValueClassConverter.h in CopyFiles */ = {isa = PBXBuildFile; fileRef = 1B18D9640C652E8400BA68CA /* ValueClassConverter.h */; };
		1B18D9670C652E8400BA68CA /* ValueClassConverter.m in Sources */ = {isa = PBXBuildFile; fileRef = 1B18D9650C652E8400BA68CA /* ValueClassConverter.m */; };
		1B18D9F20C65399800BA68CA /* ValueClassConverterNSNumber.h in CopyFiles */ = {isa = PBXBuildFile; fileRef = 1B18D9F00C65399800BA68CA /* ValueClassConverterNSNumber.h */; };
		1B18D9F30C65399800BA68CA /* ValueClassConverterNSNumber.m in Sources */ = {isa = PBXBuildFile; fileRef = 1B18D9F10C65399800BA68CA /* ValueClassConverterNSNumber.m */; };
		1B18DA330C653B2000BA68CA /* ValueClassConverterCIVector.h in CopyFiles */ = {isa = PBXBuildFile; fileRef = 1B18DA310C653B2000BA68CA /* ValueClassConverterCIVector.h */; };
		1B18DA340C653B2000BA68CA /* ValueClassConverterCIVector.m in Sources */ = {isa = PBXBuildFile; fileRef = 1B18DA320C653B2000BA68CA /* ValueClassConverterCIVector.m */; };
		1B18DA840C653F3F00BA68CA /* ValueClassConverterNSAffineTransform.h in CopyFiles */ = {isa = PBXBuildFile; fileRef = 1B18DA820C653F3F00BA68CA /* ValueClassConverterNSAffineTransform.h */; };
		1B18DA850C653F3F00BA68CA /* ValueClassConverterNSAffineTransform.m in Sources */ = {isa = PBXBuildFile; fileRef = 1B18DA830C653F3F00BA68CA /* ValueClassConverterNSAffineTransform.m */; };
		1B18DAF40C65445700BA68CA /* ValueClassConverterCIColor.h in CopyFiles */ = {isa = PBXBuildFile; fileRef = 1B18DAF20C65445700BA68CA /* ValueClassConverterCIColor.h */; };
		1B18DAF50C65445700BA68CA /* ValueClassConverterCIColor.m in Sources */ = {isa = PBXBuildFile; fileRef = 1B18DAF30C65445700BA68CA /* ValueClassConverterCIColor.m */; };
		1B18DC4A0C65520800BA68CA /* ValueClassConverterCIImage.h in CopyFiles */ = {isa = PBXBuildFile; fileRef = 1B18DC480C65520800BA68CA /* ValueClassConverterCIImage.h */; };
		1B18DC4B0C65520800BA68CA /* ValueClassConverterCIImage.m in Sources */ = {isa = PBXBuildFile; fileRef = 1B18DC490C65520800BA68CA /* ValueClassConverterCIImage.m */; };
		1B18DEC10C65ECB300BA68CA /* KeyedImageSourceProtocol.h in CopyFiles */ = {isa = PBXBuildFile; fileRef = 1B18DEBF0C65ECB300BA68CA /* KeyedImageSourceProtocol.h */; };
		1B18E1280C66281D00BA68CA /* Version.h in CopyFiles */ = {isa = PBXBuildFile; fileRef = 1B18E1270C66281D00BA68CA /* Version.h */; };
		1B18E12D0C66285500BA68CA /* ActionVersion.h in CopyFiles */ = {isa = PBXBuildFile; fileRef = 1B18E12B0C66285500BA68CA /* ActionVersion.h */; };
		1B18E12E0C66285500BA68CA /* ActionVersion.m in Sources */ = {isa = PBXBuildFile; fileRef = 1B18E12C0C66285500BA68CA /* ActionVersion.m */; };
		1B18E1600C6628F800BA68CA /* ActionVerbose.h in CopyFiles */ = {isa = PBXBuildFile; fileRef = 1B18E15E0C6628F800BA68CA /* ActionVerbose.h */; };
		1B18E1610C6628F800BA68CA /* ActionVerbose.m in Sources */ = {isa = PBXBuildFile; fileRef = 1B18E15F0C6628F800BA68CA /* ActionVerbose.m */; };
		1B18E1670C66299300BA68CA /* LoggerProtocol.h in CopyFiles */ = {isa = PBXBuildFile; fileRef = 1B18E1660C66299300BA68CA /* LoggerProtocol.h */; };
		1BA8BB280C60A950002191A1 /* ImageProcessor.h in CopyFiles */ = {isa = PBXBuildFile; fileRef = 1BA8BB260C60A950002191A1 /* ImageProcessor.h */; };
		1BA8BB290C60A950002191A1 /* ImageProcessor.m in Sources */ = {isa = PBXBuildFile; fileRef = 1BA8BB270C60A950002191A1 /* ImageProcessor.m */; };
		1BA8BEEE0C61478A002191A1 /* ApplicationServices.framework in Frameworks */ = {isa = PBXBuildFile; fileRef = 1BA8BEED0C61478A002191A1 /* ApplicationServices.framework */; };
		1BB33A590C60917D000DA540 /* QuartzCore.framework in Frameworks */ = {isa = PBXBuildFile; fileRef = 1BB33A580C60917D000DA540 /* QuartzCore.framework */; };
		8DD76F9A0486AA7600D96B5E /* CoreImageTool.m in Sources */ = {isa = PBXBuildFile; fileRef = 08FB7796FE84155DC02AAC07 /* CoreImageTool.m */; settings = {ATTRIBUTES = (); }; };
		8DD76F9C0486AA7600D96B5E /* Foundation.framework in Frameworks */ = {isa = PBXBuildFile; fileRef = 08FB779EFE84155DC02AAC07 /* Foundation.framework */; };
		8DD76F9F0486AA7600D96B5E /* CoreImageTool.1 in CopyFiles */ = {isa = PBXBuildFile; fileRef = C6859EA3029092ED04C91782 /* CoreImageTool.1 */; };
/* End PBXBuildFile section */

/* Begin PBXCopyFilesBuildPhase section */
		8DD76F9E0486AA7600D96B5E /* CopyFiles */ = {
			isa = PBXCopyFilesBuildPhase;
			buildActionMask = 8;
			dstPath = /usr/share/man/man1/;
			dstSubfolderSpec = 0;
			files = (
				8DD76F9F0486AA7600D96B5E /* CoreImageTool.1 in CopyFiles */,
				1BA8BB280C60A950002191A1 /* ImageProcessor.h in CopyFiles */,
				1B0AAC8C0C62505500211E78 /* CommandLineDriver.h in CopyFiles */,
				1B0AAD4D0C626C2B00211E78 /* Action.h in CopyFiles */,
				1B0AAD690C626F8700211E78 /* ActionLoad.h in CopyFiles */,
				1B0AB0000C628D0000211E78 /* ActionStore.h in CopyFiles */,
				1B0AB0710C6290B100211E78 /* ActionFilter.h in CopyFiles */,
				1B0AB0C00C62994400211E78 /* FilterParameterParser.h in CopyFiles */,
				1B0AB0C40C62995200211E78 /* FilterParameterParserGeneric.h in CopyFiles */,
				1B18D9660C652E8400BA68CA /* ValueClassConverter.h in CopyFiles */,
				1B18D9F20C65399800BA68CA /* ValueClassConverterNSNumber.h in CopyFiles */,
				1B18DA330C653B2000BA68CA /* ValueClassConverterCIVector.h in CopyFiles */,
				1B18DA840C653F3F00BA68CA /* ValueClassConverterNSAffineTransform.h in CopyFiles */,
				1B18DAF40C65445700BA68CA /* ValueClassConverterCIColor.h in CopyFiles */,
				1B18DC4A0C65520800BA68CA /* ValueClassConverterCIImage.h in CopyFiles */,
				1B18DEC10C65ECB300BA68CA /* KeyedImageSourceProtocol.h in CopyFiles */,
				1B18E1280C66281D00BA68CA /* Version.h in CopyFiles */,
				1B18E12D0C66285500BA68CA /* ActionVersion.h in CopyFiles */,
				1B18E1600C6628F800BA68CA /* ActionVerbose.h in CopyFiles */,
				1B18E1670C66299300BA68CA /* LoggerProtocol.h in CopyFiles */,
			);
			runOnlyForDeploymentPostprocessing = 1;
		};
/* End PBXCopyFilesBuildPhase section */

/* Begin PBXFileReference section */
		08FB7796FE84155DC02AAC07 /* CoreImageTool.m */ = {isa = PBXFileReference; fileEncoding = 4; lastKnownFileType = sourcecode.c.objc; name = CoreImageTool.m; path = src/CoreImageTool.m; sourceTree = "<group>"; };
		08FB779EFE84155DC02AAC07 /* Foundation.framework */ = {isa = PBXFileReference; lastKnownFileType = wrapper.framework; name = Foundation.framework; path = /System/Library/Frameworks/Foundation.framework; sourceTree = "<absolute>"; };
		1B0AAC8A0C62505500211E78 /* CommandLineDriver.h */ = {isa = PBXFileReference; fileEncoding = 4; lastKnownFileType = sourcecode.c.h; name = CommandLineDriver.h; path = src/CommandLineDriver.h; sourceTree = "<group>"; };
		1B0AAC8B0C62505500211E78 /* CommandLineDriver.m */ = {isa = PBXFileReference; fileEncoding = 4; lastKnownFileType = sourcecode.c.objc; name = CommandLineDriver.m; path = src/CommandLineDriver.m; sourceTree = "<group>"; };
		1B0AAD4B0C626C2B00211E78 /* Action.h */ = {isa = PBXFileReference; fileEncoding = 4; lastKnownFileType = sourcecode.c.h; name = Action.h; path = src/Action.h; sourceTree = "<group>"; };
		1B0AAD4C0C626C2B00211E78 /* Action.m */ = {isa = PBXFileReference; fileEncoding = 4; lastKnownFileType = sourcecode.c.objc; name = Action.m; path = src/Action.m; sourceTree = "<group>"; };
		1B0AAD670C626F8700211E78 /* ActionLoad.h */ = {isa = PBXFileReference; fileEncoding = 4; lastKnownFileType = sourcecode.c.h; name = ActionLoad.h; path = src/ActionLoad.h; sourceTree = "<group>"; };
		1B0AAD680C626F8700211E78 /* ActionLoad.m */ = {isa = PBXFileReference; fileEncoding = 4; lastKnownFileType = sourcecode.c.objc; name = ActionLoad.m; path = src/ActionLoad.m; sourceTree = "<group>"; };
		1B0AAFFE0C628D0000211E78 /* ActionStore.h */ = {isa = PBXFileReference; fileEncoding = 4; lastKnownFileType = sourcecode.c.h; name = ActionStore.h; path = src/ActionStore.h; sourceTree = "<group>"; };
		1B0AAFFF0C628D0000211E78 /* ActionStore.m */ = {isa = PBXFileReference; fileEncoding = 4; lastKnownFileType = sourcecode.c.objc; name = ActionStore.m; path = src/ActionStore.m; sourceTree = "<group>"; };
		1B0AB06F0C6290B100211E78 /* ActionFilter.h */ = {isa = PBXFileReference; fileEncoding = 4; lastKnownFileType = sourcecode.c.h; name = ActionFilter.h; path = src/ActionFilter.h; sourceTree = "<group>"; };
		1B0AB0700C6290B100211E78 /* ActionFilter.m */ = {isa = PBXFileReference; fileEncoding = 4; lastKnownFileType = sourcecode.c.objc; name = ActionFilter.m; path = src/ActionFilter.m; sourceTree = "<group>"; };
		1B0AB0BE0C62994400211E78 /* FilterParameterParser.h */ = {isa = PBXFileReference; fileEncoding = 4; lastKnownFileType = sourcecode.c.h; name = FilterParameterParser.h; path = src/FilterParameterParser.h; sourceTree = "<group>"; };
		1B0AB0BF0C62994400211E78 /* FilterParameterParser.m */ = {isa = PBXFileReference; fileEncoding = 4; lastKnownFileType = sourcecode.c.objc; name = FilterParameterParser.m; path = src/FilterParameterParser.m; sourceTree = "<group>"; };
		1B0AB0C20C62995200211E78 /* FilterParameterParserGeneric.h */ = {isa = PBXFileReference; fileEncoding = 4; lastKnownFileType = sourcecode.c.h; name = FilterParameterParserGeneric.h; path = src/FilterParameterParserGeneric.h; sourceTree = "<group>"; };
		1B0AB0C30C62995200211E78 /* FilterParameterParserGeneric.m */ = {isa = PBXFileReference; fileEncoding = 4; lastKnownFileType = sourcecode.c.objc; name = FilterParameterParserGeneric.m; path = src/FilterParameterParserGeneric.m; sourceTree = "<group>"; };
		1B18D9640C652E8400BA68CA /* ValueClassConverter.h */ = {isa = PBXFileReference; fileEncoding = 4; lastKnownFileType = sourcecode.c.h; name = ValueClassConverter.h; path = src/ValueClassConverter.h; sourceTree = "<group>"; };
		1B18D9650C652E8400BA68CA /* ValueClassConverter.m */ = {isa = PBXFileReference; fileEncoding = 4; lastKnownFileType = sourcecode.c.objc; name = ValueClassConverter.m; path = src/ValueClassConverter.m; sourceTree = "<group>"; };
		1B18D9F00C65399800BA68CA /* ValueClassConverterNSNumber.h */ = {isa = PBXFileReference; fileEncoding = 4; lastKnownFileType = sourcecode.c.h; name = ValueClassConverterNSNumber.h; path = src/ValueClassConverterNSNumber.h; sourceTree = "<group>"; };
		1B18D9F10C65399800BA68CA /* ValueClassConverterNSNumber.m */ = {isa = PBXFileReference; fileEncoding = 4; lastKnownFileType = sourcecode.c.objc; name = ValueClassConverterNSNumber.m; path = src/ValueClassConverterNSNumber.m; sourceTree = "<group>"; };
		1B18DA310C653B2000BA68CA /* ValueClassConverterCIVector.h */ = {isa = PBXFileReference; fileEncoding = 4; lastKnownFileType = sourcecode.c.h; name = ValueClassConverterCIVector.h; path = src/ValueClassConverterCIVector.h; sourceTree = "<group>"; };
		1B18DA320C653B2000BA68CA /* ValueClassConverterCIVector.m */ = {isa = PBXFileReference; fileEncoding = 4; lastKnownFileType = sourcecode.c.objc; name = ValueClassConverterCIVector.m; path = src/ValueClassConverterCIVector.m; sourceTree = "<group>"; };
		1B18DA820C653F3F00BA68CA /* ValueClassConverterNSAffineTransform.h */ = {isa = PBXFileReference; fileEncoding = 4; lastKnownFileType = sourcecode.c.h; name = ValueClassConverterNSAffineTransform.h; path = src/ValueClassConverterNSAffineTransform.h; sourceTree = "<group>"; };
		1B18DA830C653F3F00BA68CA /* ValueClassConverterNSAffineTransform.m */ = {isa = PBXFileReference; fileEncoding = 4; lastKnownFileType = sourcecode.c.objc; name = ValueClassConverterNSAffineTransform.m; path = src/ValueClassConverterNSAffineTransform.m; sourceTree = "<group>"; };
		1B18DAF20C65445700BA68CA /* ValueClassConverterCIColor.h */ = {isa = PBXFileReference; fileEncoding = 4; lastKnownFileType = sourcecode.c.h; name = ValueClassConverterCIColor.h; path = src/ValueClassConverterCIColor.h; sourceTree = "<group>"; };
		1B18DAF30C65445700BA68CA /* ValueClassConverterCIColor.m */ = {isa = PBXFileReference; fileEncoding = 4; lastKnownFileType = sourcecode.c.objc; name = ValueClassConverterCIColor.m; path = src/ValueClassConverterCIColor.m; sourceTree = "<group>"; };
		1B18DC480C65520800BA68CA /* ValueClassConverterCIImage.h */ = {isa = PBXFileReference; fileEncoding = 4; lastKnownFileType = sourcecode.c.h; name = ValueClassConverterCIImage.h; path = src/ValueClassConverterCIImage.h; sourceTree = "<group>"; };
		1B18DC490C65520800BA68CA /* ValueClassConverterCIImage.m */ = {isa = PBXFileReference; fileEncoding = 4; lastKnownFileType = sourcecode.c.objc; name = ValueClassConverterCIImage.m; path = src/ValueClassConverterCIImage.m; sourceTree = "<group>"; };
		1B18DEBF0C65ECB300BA68CA /* KeyedImageSourceProtocol.h */ = {isa = PBXFileReference; fileEncoding = 4; lastKnownFileType = sourcecode.c.h; name = KeyedImageSourceProtocol.h; path = src/KeyedImageSourceProtocol.h; sourceTree = "<group>"; };
		1B18E1270C66281D00BA68CA /* Version.h */ = {isa = PBXFileReference; fileEncoding = 4; lastKnownFileType = sourcecode.c.h; name = Version.h; path = src/Version.h; sourceTree = "<group>"; };
		1B18E12B0C66285500BA68CA /* ActionVersion.h */ = {isa = PBXFileReference; fileEncoding = 4; lastKnownFileType = sourcecode.c.h; name = ActionVersion.h; path = src/ActionVersion.h; sourceTree = "<group>"; };
		1B18E12C0C66285500BA68CA /* ActionVersion.m */ = {isa = PBXFileReference; fileEncoding = 4; lastKnownFileType = sourcecode.c.objc; name = ActionVersion.m; path = src/ActionVersion.m; sourceTree = "<group>"; };
		1B18E15E0C6628F800BA68CA /* ActionVerbose.h */ = {isa = PBXFileReference; fileEncoding = 4; lastKnownFileType = sourcecode.c.h; name = ActionVerbose.h; path = src/ActionVerbose.h; sourceTree = "<group>"; };
		1B18E15F0C6628F800BA68CA /* ActionVerbose.m */ = {isa = PBXFileReference; fileEncoding = 4; lastKnownFileType = sourcecode.c.objc; name = ActionVerbose.m; path = src/ActionVerbose.m; sourceTree = "<group>"; };
		1B18E1660C66299300BA68CA /* LoggerProtocol.h */ = {isa = PBXFileReference; fileEncoding = 4; lastKnownFileType = sourcecode.c.h; name = LoggerProtocol.h; path = src/LoggerProtocol.h; sourceTree = "<group>"; };
		1BA8BB260C60A950002191A1 /* ImageProcessor.h */ = {isa = PBXFileReference; fileEncoding = 4; lastKnownFileType = sourcecode.c.h; name = ImageProcessor.h; path = src/ImageProcessor.h; sourceTree = "<group>"; };
		1BA8BB270C60A950002191A1 /* ImageProcessor.m */ = {isa = PBXFileReference; fileEncoding = 4; lastKnownFileType = sourcecode.c.objc; name = ImageProcessor.m; path = src/ImageProcessor.m; sourceTree = "<group>"; };
		1BA8BEED0C61478A002191A1 /* ApplicationServices.framework */ = {isa = PBXFileReference; lastKnownFileType = wrapper.framework; name = ApplicationServices.framework; path = /System/Library/Frameworks/ApplicationServices.framework; sourceTree = "<absolute>"; };
		1BB33A580C60917D000DA540 /* QuartzCore.framework */ = {isa = PBXFileReference; lastKnownFileType = wrapper.framework; name = QuartzCore.framework; path = /System/Library/Frameworks/QuartzCore.framework; sourceTree = "<absolute>"; };
		32A70AAB03705E1F00C91783 /* CoreImageTool_Prefix.pch */ = {isa = PBXFileReference; fileEncoding = 4; lastKnownFileType = sourcecode.c.h; path = CoreImageTool_Prefix.pch; sourceTree = "<group>"; };
		8DD76FA10486AA7600D96B5E /* CoreImageTool */ = {isa = PBXFileReference; explicitFileType = "compiled.mach-o.executable"; includeInIndex = 0; path = CoreImageTool; sourceTree = BUILT_PRODUCTS_DIR; };
		C6859EA3029092ED04C91782 /* CoreImageTool.1 */ = {isa = PBXFileReference; lastKnownFileType = text.man; path = CoreImageTool.1; sourceTree = "<group>"; };
/* End PBXFileReference section */

/* Begin PBXFrameworksBuildPhase section */
		8DD76F9B0486AA7600D96B5E /* Frameworks */ = {
			isa = PBXFrameworksBuildPhase;
			buildActionMask = 2147483647;
			files = (
				8DD76F9C0486AA7600D96B5E /* Foundation.framework in Frameworks */,
				1BB33A590C60917D000DA540 /* QuartzCore.framework in Frameworks */,
				1BA8BEEE0C61478A002191A1 /* ApplicationServices.framework in Frameworks */,
			);
			runOnlyForDeploymentPostprocessing = 0;
		};
/* End PBXFrameworksBuildPhase section */

/* Begin PBXGroup section */
		08FB7794FE84155DC02AAC07 /* CoreImageTool */ = {
			isa = PBXGroup;
			children = (
				08FB7795FE84155DC02AAC07 /* Source */,
				C6859EA2029092E104C91782 /* Documentation */,
				08FB779DFE84155DC02AAC07 /* External Frameworks and Libraries */,
				1AB674ADFE9D54B511CA2CBB /* Products */,
			);
			name = CoreImageTool;
			sourceTree = "<group>";
		};
		08FB7795FE84155DC02AAC07 /* Source */ = {
			isa = PBXGroup;
			children = (
				32A70AAB03705E1F00C91783 /* CoreImageTool_Prefix.pch */,
				08FB7796FE84155DC02AAC07 /* CoreImageTool.m */,
				1BA8BB260C60A950002191A1 /* ImageProcessor.h */,
				1BA8BB270C60A950002191A1 /* ImageProcessor.m */,
				1B0AAC8A0C62505500211E78 /* CommandLineDriver.h */,
				1B0AAC8B0C62505500211E78 /* CommandLineDriver.m */,
				1B18E1270C66281D00BA68CA /* Version.h */,
				1B18E1680C6629A000BA68CA /* Protocols */,
				1B18E0610C65F9A000BA68CA /* Actions */,
				1B18E0630C65F9CD00BA68CA /* Parameter Parsers */,
				1B18E0620C65F9B900BA68CA /* Value Converters */,
			);
			name = Source;
			sourceTree = "<group>";
		};
		08FB779DFE84155DC02AAC07 /* External Frameworks and Libraries */ = {
			isa = PBXGroup;
			children = (
				1BA8BEED0C61478A002191A1 /* ApplicationServices.framework */,
				1BB33A580C60917D000DA540 /* QuartzCore.framework */,
				08FB779EFE84155DC02AAC07 /* Foundation.framework */,
			);
			name = "External Frameworks and Libraries";
			sourceTree = "<group>";
		};
		1AB674ADFE9D54B511CA2CBB /* Products */ = {
			isa = PBXGroup;
			children = (
				8DD76FA10486AA7600D96B5E /* CoreImageTool */,
			);
			name = Products;
			sourceTree = "<group>";
		};
		1B18E0610C65F9A000BA68CA /* Actions */ = {
			isa = PBXGroup;
			children = (
				1B0AAD4B0C626C2B00211E78 /* Action.h */,
				1B0AAD4C0C626C2B00211E78 /* Action.m */,
				1B0AAD670C626F8700211E78 /* ActionLoad.h */,
				1B0AAD680C626F8700211E78 /* ActionLoad.m */,
				1B0AAFFE0C628D0000211E78 /* ActionStore.h */,
				1B0AAFFF0C628D0000211E78 /* ActionStore.m */,
				1B0AB06F0C6290B100211E78 /* ActionFilter.h */,
				1B0AB0700C6290B100211E78 /* ActionFilter.m */,
				1B18E15E0C6628F800BA68CA /* ActionVerbose.h */,
				1B18E15F0C6628F800BA68CA /* ActionVerbose.m */,
				1B18E12B0C66285500BA68CA /* ActionVersion.h */,
				1B18E12C0C66285500BA68CA /* ActionVersion.m */,
			);
			name = Actions;
			sourceTree = "<group>";
		};
		1B18E0620C65F9B900BA68CA /* Value Converters */ = {
			isa = PBXGroup;
			children = (
				1B18D9640C652E8400BA68CA /* ValueClassConverter.h */,
				1B18D9650C652E8400BA68CA /* ValueClassConverter.m */,
				1B18D9F00C65399800BA68CA /* ValueClassConverterNSNumber.h */,
				1B18D9F10C65399800BA68CA /* ValueClassConverterNSNumber.m */,
				1B18DA310C653B2000BA68CA /* ValueClassConverterCIVector.h */,
				1B18DA320C653B2000BA68CA /* ValueClassConverterCIVector.m */,
				1B18DA820C653F3F00BA68CA /* ValueClassConverterNSAffineTransform.h */,
				1B18DA830C653F3F00BA68CA /* ValueClassConverterNSAffineTransform.m */,
				1B18DAF20C65445700BA68CA /* ValueClassConverterCIColor.h */,
				1B18DAF30C65445700BA68CA /* ValueClassConverterCIColor.m */,
				1B18DC480C65520800BA68CA /* ValueClassConverterCIImage.h */,
				1B18DC490C65520800BA68CA /* ValueClassConverterCIImage.m */,
			);
			name = "Value Converters";
			sourceTree = "<group>";
		};
		1B18E0630C65F9CD00BA68CA /* Parameter Parsers */ = {
			isa = PBXGroup;
			children = (
				1B0AB0BE0C62994400211E78 /* FilterParameterParser.h */,
				1B0AB0BF0C62994400211E78 /* FilterParameterParser.m */,
				1B0AB0C20C62995200211E78 /* FilterParameterParserGeneric.h */,
				1B0AB0C30C62995200211E78 /* FilterParameterParserGeneric.m */,
			);
			name = "Parameter Parsers";
			sourceTree = "<group>";
		};
		1B18E1680C6629A000BA68CA /* Protocols */ = {
			isa = PBXGroup;
			children = (
				1B18DEBF0C65ECB300BA68CA /* KeyedImageSourceProtocol.h */,
				1B18E1660C66299300BA68CA /* LoggerProtocol.h */,
			);
			name = Protocols;
			sourceTree = "<group>";
		};
		C6859EA2029092E104C91782 /* Documentation */ = {
			isa = PBXGroup;
			children = (
				C6859EA3029092ED04C91782 /* CoreImageTool.1 */,
			);
			name = Documentation;
			sourceTree = "<group>";
		};
/* End PBXGroup section */

/* Begin PBXNativeTarget section */
		8DD76F960486AA7600D96B5E /* CoreImageTool */ = {
			isa = PBXNativeTarget;
			buildConfigurationList = 1DEB927408733DD40010E9CD /* Build configuration list for PBXNativeTarget "CoreImageTool" */;
			buildPhases = (
				8DD76F990486AA7600D96B5E /* Sources */,
				8DD76F9B0486AA7600D96B5E /* Frameworks */,
				8DD76F9E0486AA7600D96B5E /* CopyFiles */,
			);
			buildRules = (
			);
			dependencies = (
			);
			name = CoreImageTool;
			productInstallPath = "$(HOME)/bin";
			productName = CoreImageTool;
			productReference = 8DD76FA10486AA7600D96B5E /* CoreImageTool */;
			productType = "com.apple.product-type.tool";
		};
/* End PBXNativeTarget section */

/* Begin PBXProject section */
		08FB7793FE84155DC02AAC07 /* Project object */ = {
			isa = PBXProject;
			buildConfigurationList = 1DEB927808733DD40010E9CD /* Build configuration list for PBXProject "CoreImageTool" */;
			hasScannedForEncodings = 1;
			mainGroup = 08FB7794FE84155DC02AAC07 /* CoreImageTool */;
			projectDirPath = "";
			targets = (
				8DD76F960486AA7600D96B5E /* CoreImageTool */,
			);
		};
/* End PBXProject section */

/* Begin PBXSourcesBuildPhase section */
		8DD76F990486AA7600D96B5E /* Sources */ = {
			isa = PBXSourcesBuildPhase;
			buildActionMask = 2147483647;
			files = (
				8DD76F9A0486AA7600D96B5E /* CoreImageTool.m in Sources */,
				1BA8BB290C60A950002191A1 /* ImageProcessor.m in Sources */,
				1B0AAC8D0C62505500211E78 /* CommandLineDriver.m in Sources */,
				1B0AAD4E0C626C2B00211E78 /* Action.m in Sources */,
				1B0AAD6A0C626F8700211E78 /* ActionLoad.m in Sources */,
				1B0AB0010C628D0000211E78 /* ActionStore.m in Sources */,
				1B0AB0720C6290B100211E78 /* ActionFilter.m in Sources */,
				1B0AB0C10C62994400211E78 /* FilterParameterParser.m in Sources */,
				1B0AB0C50C62995200211E78 /* FilterParameterParserGeneric.m in Sources */,
				1B18D9670C652E8400BA68CA /* ValueClassConverter.m in Sources */,
				1B18D9F30C65399800BA68CA /* ValueClassConverterNSNumber.m in Sources */,
				1B18DA340C653B2000BA68CA /* ValueClassConverterCIVector.m in Sources */,
				1B18DA850C653F3F00BA68CA /* ValueClassConverterNSAffineTransform.m in Sources */,
				1B18DAF50C65445700BA68CA /* ValueClassConverterCIColor.m in Sources */,
				1B18DC4B0C65520800BA68CA /* ValueClassConverterCIImage.m in Sources */,
				1B18E12E0C66285500BA68CA /* ActionVersion.m in Sources */,
				1B18E1610C6628F800BA68CA /* ActionVerbose.m in Sources */,
			);
			runOnlyForDeploymentPostprocessing = 0;
		};
/* End PBXSourcesBuildPhase section */

/* Begin XCBuildConfiguration section */
		1DEB927508733DD40010E9CD /* Debug */ = {
			isa = XCBuildConfiguration;
			buildSettings = {
				COPY_PHASE_STRIP = NO;
				GCC_DYNAMIC_NO_PIC = NO;
				GCC_ENABLE_FIX_AND_CONTINUE = YES;
				GCC_MODEL_TUNING = G5;
				GCC_OPTIMIZATION_LEVEL = 0;
				GCC_PRECOMPILE_PREFIX_HEADER = YES;
				GCC_PREFIX_HEADER = CoreImageTool_Prefix.pch;
				INSTALL_PATH = "$(HOME)/bin";
				PRODUCT_NAME = CoreImageTool;
				ZERO_LINK = YES;
			};
			name = Debug;
		};
		1DEB927608733DD40010E9CD /* Release */ = {
			isa = XCBuildConfiguration;
			buildSettings = {
				ARCHS = (
					ppc,
					i386,
				);
				GCC_GENERATE_DEBUGGING_SYMBOLS = NO;
				GCC_MODEL_TUNING = G5;
				GCC_PRECOMPILE_PREFIX_HEADER = YES;
				GCC_PREFIX_HEADER = CoreImageTool_Prefix.pch;
				INSTALL_PATH = "$(HOME)/bin";
				PRODUCT_NAME = CoreImageTool;
			};
			name = Release;
		};
		1DEB927908733DD40010E9CD /* Debug */ = {
			isa = XCBuildConfiguration;
			buildSettings = {
				GCC_WARN_ABOUT_RETURN_TYPE = YES;
				GCC_WARN_UNUSED_VARIABLE = YES;
				PREBINDING = NO;
				SDKROOT = /Developer/SDKs/MacOSX10.4u.sdk;
			};
			name = Debug;
		};
		1DEB927A08733DD40010E9CD /* Release */ = {
			isa = XCBuildConfiguration;
			buildSettings = {
				GCC_WARN_ABOUT_RETURN_TYPE = YES;
				GCC_WARN_UNUSED_VARIABLE = YES;
				PREBINDING = NO;
				SDKROOT = /Developer/SDKs/MacOSX10.4u.sdk;
			};
			name = Release;
		};
/* End XCBuildConfiguration section */

/* Begin XCConfigurationList section */
		1DEB927408733DD40010E9CD /* Build configuration list for PBXNativeTarget "CoreImageTool" */ = {
			isa = XCConfigurationList;
			buildConfigurations = (
				1DEB927508733DD40010E9CD /* Debug */,
				1DEB927608733DD40010E9CD /* Release */,
			);
			defaultConfigurationIsVisible = 0;
			defaultConfigurationName = Release;
		};
		1DEB927808733DD40010E9CD /* Build configuration list for PBXProject "CoreImageTool" */ = {
			isa = XCConfigurationList;
			buildConfigurations = (
				1DEB927908733DD40010E9CD /* Debug */,
				1DEB927A08733DD40010E9CD /* Release */,
			);
			defaultConfigurationIsVisible = 0;
			defaultConfigurationName = Release;
		};
/* End XCConfigurationList section */
	};
	rootObject = 08FB7793FE84155DC02AAC07 /* Project object */;
}
