<?xml version="1.0" encoding="UTF-8"?>
<Scheme
   LastUpgradeVersion = "0450"
   version = "1.3">
   <BuildAction
      parallelizeBuildables = "YES"
      buildImplicitDependencies = "YES">
      <BuildActionEntries>
         <BuildActionEntry
            buildForTesting = "YES"
            buildForRunning = "YES"
            buildForProfiling = "YES"
            buildForArchiving = "YES"
            buildForAnalyzing = "YES">
            <BuildableReference
               BuildableIdentifier = "primary"
               BlueprintIdentifier = "8DD76F960486AA7600D96B5E"
               BuildableName = "CoreImageTool"
               BlueprintName = "CoreImageTool"
               ReferencedContainer = "container:CoreImageTool.xcodeproj">
            </BuildableReference>
         </BuildActionEntry>
      </BuildActionEntries>
   </BuildAction>
   <TestAction
      selectedDebuggerIdentifier = "Xcode.DebuggerFoundation.Debugger.LLDB"
      selectedLauncherIdentifier = "Xcode.DebuggerFoundation.Launcher.LLDB"
      shouldUseLaunchSchemeArgsEnv = "YES"
      buildConfiguration = "Debug">
      <Testables>
      </Testables>
      <MacroExpansion>
         <BuildableReference
            BuildableIdentifier = "primary"
            BlueprintIdentifier = "8DD76F960486AA7600D96B5E"
            BuildableName = "CoreImageTool"
            BlueprintName = "CoreImageTool"
            ReferencedContainer = "container:CoreImageTool.xcodeproj">
         </BuildableReference>
      </MacroExpansion>
   </TestAction>
   <LaunchAction
      selectedDebuggerIdentifier = "Xcode.DebuggerFoundation.Debugger.LLDB"
      selectedLauncherIdentifier = "Xcode.DebuggerFoundation.Launcher.LLDB"
      launchStyle = "0"
      useCustomWorkingDirectory = "NO"
      buildConfiguration = "Debug"
      ignoresPersistentStateOnLaunch = "NO"
      debugDocumentVersioning = "YES"
      allowLocationSimulation = "YES">
      <BuildableProductRunnable>
         <BuildableReference
            BuildableIdentifier = "primary"
            BlueprintIdentifier = "8DD76F960486AA7600D96B5E"
            BuildableName = "CoreImageTool"
            BlueprintName = "CoreImageTool"
            ReferencedContainer = "container:CoreImageTool.xcodeproj">
         </BuildableReference>
      </BuildableProductRunnable>
      <CommandLineArguments>
         <CommandLineArgument
            argument = "verbose"
            isEnabled = "NO">
         </CommandLineArgument>
         <CommandLineArgument
            argument = "version"
            isEnabled = "NO">
         </CommandLineArgument>
         <CommandLineArgument
            argument = "load image ../../test-images/test2-in.jpg"
            isEnabled = "NO">
         </CommandLineArgument>
         <CommandLineArgument
            argument = "filter image CIAffineClamp transform=1,0,0,1,0,0"
            isEnabled = "NO">
         </CommandLineArgument>
         <CommandLineArgument
            argument = "filter image CICrop rectangle=0,0,200,100"
            isEnabled = "NO">
         </CommandLineArgument>
         <CommandLineArgument
            argument = "load bgimg ../../test-images/test1-in.jpg"
            isEnabled = "NO">
         </CommandLineArgument>
         <CommandLineArgument
            argument = "filter bgimg CIColorInvert"
            isEnabled = "NO">
         </CommandLineArgument>
         <CommandLineArgument
            argument = "filter image CIAdditionCompositing backgroundImage=bgimg"
            isEnabled = "NO">
         </CommandLineArgument>
         <CommandLineArgument
            argument = "filter image CIUnsharpMask radius=1.0:intensity=2.0"
            isEnabled = "NO">
         </CommandLineArgument>
         <CommandLineArgument
            argument = "store image ../../test-images/test2-out1.jpg public.jpeg"
            isEnabled = "NO">
         </CommandLineArgument>
         <CommandLineArgument
            argument = "filter CIBloom radius=2.0:intensity=2.0"
            isEnabled = "NO">
         </CommandLineArgument>
         <CommandLineArgument
            argument = "filter image CILanczosScaleTransform scale=0.75:aspectRatio=1 "
            isEnabled = "NO">
         </CommandLineArgument>
         <CommandLineArgument
            argument = "filter image CIMotionBlur radius=10.0:angle=1.2"
            isEnabled = "NO">
         </CommandLineArgument>
         <CommandLineArgument
            argument = "filter image CICrop rectangle=0,0,200,100"
            isEnabled = "NO">
         </CommandLineArgument>
         <CommandLineArgument
            argument = "filter image CIColorInvert"
            isEnabled = "NO">
         </CommandLineArgument>
         <CommandLineArgument
            argument = "filter image CIColorMonochrome color=1,0,0,1:intensity=1"
            isEnabled = "NO">
         </CommandLineArgument>
         <CommandLineArgument
            argument = "store image ../../test-images/test2-out2.quality-default.jpg public.jpeg"
            isEnabled = "NO">
         </CommandLineArgument>
         <CommandLineArgument
            argument = "store image ../../test-images/test2-out2.quality-0.1.jpg public.jpeg 0.1"
            isEnabled = "NO">
         </CommandLineArgument>
         <CommandLineArgument
            argument = "store image ../../test-images/test2-out2.quality-1.0.jpg public.jpeg 1.0"
            isEnabled = "NO">
         </CommandLineArgument>
         <CommandLineArgument
            argument = "verbose load image /Users/liyanage/Pictures/iPhoto\ Library_58.photolibrary/Masters/2012/09/17/20120917-122959/_D3_7544.jpg filter image CIAffineClamp transform=1,0,0,1,0,0 filter image CICrop rectangle=0,0,200,100 store image x.jpg public.jpeg 0.5"
            isEnabled = "YES">
         </CommandLineArgument>
         <CommandLineArgument
            argument = "sleep 5"
            isEnabled = "NO">
         </CommandLineArgument>
      </CommandLineArguments>
      <EnvironmentVariables>
         <EnvironmentVariable
            key = "NSZombieEnabled"
            value = "YES"
            isEnabled = "NO">
         </EnvironmentVariable>
         <EnvironmentVariable
            key = "NSEnableAutoreleasePool"
            value = "NO"
            isEnabled = "NO">
         </EnvironmentVariable>
         <EnvironmentVariable
            key = "NSAutoreleaseFreedObjectCheckEnabled"
            value = "YES"
            isEnabled = "NO">
         </EnvironmentVariable>
         <EnvironmentVariable
            key = "DYLD_INSERT_LIBRARIES"
            value = "/usr/lib/libMallocDebug.A.dylib"
            isEnabled = "NO">
         </EnvironmentVariable>
      </EnvironmentVariables>
      <AdditionalOptions>
      </AdditionalOptions>
   </LaunchAction>
   <ProfileAction
      shouldUseLaunchSchemeArgsEnv = "YES"
      savedToolIdentifier = ""
      useCustomWorkingDirectory = "NO"
      buildConfiguration = "Release"
      debugDocumentVersioning = "YES">
      <BuildableProductRunnable>
         <BuildableReference
            BuildableIdentifier = "primary"
            BlueprintIdentifier = "8DD76F960486AA7600D96B5E"
            BuildableName = "CoreImageTool"
            BlueprintName = "CoreImageTool"
            ReferencedContainer = "container:CoreImageTool.xcodeproj">
         </BuildableReference>
      </BuildableProductRunnable>
   </ProfileAction>
   <AnalyzeAction
      buildConfiguration = "Debug">
   </AnalyzeAction>
   <ArchiveAction
      buildConfiguration = "Release"
      revealArchiveInOrganizer = "YES">
   </ArchiveAction>
</Scheme>
